{
    "_readme": [
        "This file locks the dependencies of your project to a known state",
        "Read more about it at https://getcomposer.org/doc/01-basic-usage.md#composer-lock-the-lock-file",
        "This file is @generated automatically"
    ],
    "content-hash": "eab72f3555f8c3791c909089c8f5c1e4",
    "packages": [
        {
            "name": "symfony/http-foundation",
            "version": "v2.0.25",
            "target-dir": "Symfony/Component/HttpFoundation",
            "source": {
                "type": "git",
                "url": "https://github.com/symfony/http-foundation.git",
                "reference": "f16943f90d8197a76b6cafcf5c7c73aff47b82fd"
            },
            "dist": {
                "type": "zip",
                "url": "https://api.github.com/repos/symfony/http-foundation/zipball/f16943f90d8197a76b6cafcf5c7c73aff47b82fd",
                "reference": "f16943f90d8197a76b6cafcf5c7c73aff47b82fd",
                "shasum": ""
            },
            "require": {
                "php": ">=5.3.2"
            },
            "type": "library",
            "autoload": {
                "psr-0": {
                    "Symfony\\Component\\HttpFoundation": ""
                }
            },
            "notification-url": "https://packagist.org/downloads/",
            "license": [
                "MIT"
            ],
            "authors": [
                {
                    "name": "Symfony Community",
                    "homepage": "http://symfony.com/contributors"
                },
                {
                    "name": "Fabien Potencier",
                    "email": "fabien@symfony.com"
                }
            ],
            "description": "Symfony HttpFoundation Component",
            "homepage": "http://symfony.com",
            "time": "2013-08-06T07:14:49+00:00"
        },
        {
            "name": "web-dev/component",
            "version": "1.0",
            "dist": {
                "type": "path",
                "url": "../common/library/Component",
                "reference": "041070997006d1dabe830041768f77c6dba2ed4f",
                "shasum": null
            },
            "type": "library",
            "autoload": {
                "psr-4": {
                    "Component\\": ""
                }
            },
            "description": "My components"
        },
        {
            "name": "web-dev/framework",
            "version": "1.0",
            "dist": {
                "type": "path",
                "url": "../common/library/Framework",
                "reference": "e35d3de3d230bf415c9d2677f7e829855f8d65dc",
                "shasum": null
            },
            "type": "library",
            "autoload": {
                "psr-4": {
                    "Framework\\": ""
                }
            },
            "description": "My framework"
        }
    ],
    "packages-dev": [],
    "aliases": [],
    "minimum-stability": "stable",
    "stability-flags": [],
    "prefer-stable": false,
    "prefer-lowest": false,
    "platform": [],
    "platform-dev": []
}
